schema: '2.0'
stages:
  visualize:
    cmd: python src/visualize.py
    deps:
    - path: data/raw/bank-additional-full.csv
      hash: md5
      md5: f6cb2c1256ffe2836b36df321f46e92c
      size: 5834924
    - path: src/visualize.py
      hash: md5
      md5: d77c0b8a8375d08a9d771abd38d99983
      size: 1524
    outs:
    - path: reports/figures
      hash: md5
      md5: 64f4b0c0bf4167387b4eea1ec5fb440c.dir
      size: 59450
      nfiles: 3
  quality:
    cmd: pytest -q > reports/quality/pytest_report.txt
    deps:
    - path: data/raw/bank-additional-full.csv
      hash: md5
      md5: f6cb2c1256ffe2836b36df321f46e92c
      size: 5834924
    - path: tests/test_data_quality.py
      hash: md5
      md5: 0cd6e7c4fa36857b724d4dc5cbf7d9a9
      size: 1612
    outs:
    - path: reports/quality/pytest_report.txt
      hash: md5
      md5: cbd0e3dc707385124e8cd05a7527cf35
      size: 134
  prepare:
    cmd: python src/prepare_data.py
    deps:
    - path: data/raw/bank-additional-full.csv
      hash: md5
      md5: f6cb2c1256ffe2836b36df321f46e92c
      size: 5834924
    - path: src/prepare_data.py
      hash: md5
      md5: 4c04d5a36559f0f3c420f76b904dcf7b
      size: 1179
    outs:
    - path: data/processed/bank-additional-processed.csv
      hash: md5
      md5: 965d859cc62b638af3428f7810330318
      size: 3456487
